
Microsoft Visual Studio Solution File, Format Version 12.00
# Visual Studio Version 17
VisualStudioVersion = 17.7.34003.232
MinimumVisualStudioVersion = 10.0.40219.1
Project("{FAE04EC0-301F-11D3-BF4B-00C04F79EFBC}") = "blog_website", "blog_website.csproj", "{D92F4AA9-B6B6-435D-A9AA-87B3F166E983}"
EndProject
Global
	GlobalSection(SolutionConfigurationPlatforms) = preSolution
		Debug|Any CPU = Debug|Any CPU
		Release|Any CPU = Release|Any CPU
	EndGlobalSection
	GlobalSection(ProjectConfigurationPlatforms) = postSolution
		{D92F4AA9-B6B6-435D-A9AA-87B3F166E983}.Debug|Any CPU.ActiveCfg = Debug|Any CPU
		{D92F4AA9-B6B6-435D-A9AA-87B3F166E983}.Debug|Any CPU.Build.0 = Debug|Any CPU
		{D92F4AA9-B6B6-435D-A9AA-87B3F166E983}.Release|Any CPU.ActiveCfg = Release|Any CPU
		{D92F4AA9-B6B6-435D-A9AA-87B3F166E983}.Release|Any CPU.Build.0 = Release|Any CPU
	EndGlobalSection
	GlobalSection(SolutionProperties) = preSolution
		HideSolutionNode = FALSE
	EndGlobalSection
	GlobalSection(ExtensibilityGlobals) = postSolution
		SolutionGuid = {8AAF4BBC-3C44-42BB-8B21-34206C319AD8}
	EndGlobalSection
EndGlobal
